
Microsoft Visual Studio Solution File, Format Version 12.00
# Visual Studio Version 17
VisualStudioVersion = 17.5.33530.505
MinimumVisualStudioVersion = 10.0.40219.1
Project("{FAE04EC0-301F-11D3-BF4B-00C04F79EFBC}") = "University", "University\University.csproj", "{7446443C-9AF1-4608-A9DF-7559AB17D471}"
EndProject
Global
	GlobalSection(SolutionConfigurationPlatforms) = preSolution
		Debug|Any CPU = Debug|Any CPU
		Release|Any CPU = Release|Any CPU
	EndGlobalSection
	GlobalSection(ProjectConfigurationPlatforms) = postSolution
		{7446443C-9AF1-4608-A9DF-7559AB17D471}.Debug|Any CPU.ActiveCfg = Debug|Any CPU
		{7446443C-9AF1-4608-A9DF-7559AB17D471}.Debug|Any CPU.Build.0 = Debug|Any CPU
		{7446443C-9AF1-4608-A9DF-7559AB17D471}.Release|Any CPU.ActiveCfg = Release|Any CPU
		{7446443C-9AF1-4608-A9DF-7559AB17D471}.Release|Any CPU.Build.0 = Release|Any CPU
	EndGlobalSection
	GlobalSection(SolutionProperties) = preSolution
		HideSolutionNode = FALSE
	EndGlobalSection
	GlobalSection(ExtensibilityGlobals) = postSolution
		SolutionGuid = {4F4468C4-0DF7-4525-A077-6D8654C81E71}
	EndGlobalSection
EndGlobal
